// !$*UTF8*$!
{
	archiveVersion = 1;
	classes = {
	};
	objectVersion = 55;
	objects = {

/* Begin PBXBuildFile section */
		E98D5CEB2941E35700C99C97 /* AppDelegate.swift in Sources */ = {isa = PBXBuildFile; fileRef = E98D5CEA2941E35700C99C97 /* AppDelegate.swift */; };
		E98D5CED2941E35700C99C97 /* SceneDelegate.swift in Sources */ = {isa = PBXBuildFile; fileRef = E98D5CEC2941E35700C99C97 /* SceneDelegate.swift */; };
		E98D5CEF2941E35700C99C97 /* ViewController.swift in Sources */ = {isa = PBXBuildFile; fileRef = E98D5CEE2941E35700C99C97 /* ViewController.swift */; };
		E98D5CF22941E35700C99C97 /* Main.storyboard in Resources */ = {isa = PBXBuildFile; fileRef = E98D5CF02941E35700C99C97 /* Main.storyboard */; };
		E98D5CF52941E35700C99C97 /* CoreDataToDo.xcdatamodeld in Sources */ = {isa = PBXBuildFile; fileRef = E98D5CF32941E35700C99C97 /* CoreDataToDo.xcdatamodeld */; };
		E98D5CF72941E35800C99C97 /* Assets.xcassets in Resources */ = {isa = PBXBuildFile; fileRef = E98D5CF62941E35800C99C97 /* Assets.xcassets */; };
		E98D5CFA2941E35800C99C97 /* LaunchScreen.storyboard in Resources */ = {isa = PBXBuildFile; fileRef = E98D5CF82941E35800C99C97 /* LaunchScreen.storyboard */; };
		E98D5D032941E42800C99C97 /* ToDoListItem+CoreDataClass.swift in Sources */ = {isa = PBXBuildFile; fileRef = E98D5D012941E42800C99C97 /* ToDoListItem+CoreDataClass.swift */; };
		E98D5D042941E42800C99C97 /* ToDoListItem+CoreDataProperties.swift in Sources */ = {isa = PBXBuildFile; fileRef = E98D5D022941E42800C99C97 /* ToDoListItem+CoreDataProperties.swift */; };
		E98D5D072941EB7000C99C97 /* Model.swift in Sources */ = {isa = PBXBuildFile; fileRef = E98D5D062941EB7000C99C97 /* Model.swift */; };
		E98D5D092941F14700C99C97 /* SecVC.swift in Sources */ = {isa = PBXBuildFile; fileRef = E98D5D082941F14700C99C97 /* SecVC.swift */; };
		E98D5D0B2941F1C600C99C97 /* Cell.swift in Sources */ = {isa = PBXBuildFile; fileRef = E98D5D0A2941F1C600C99C97 /* Cell.swift */; };
/* End PBXBuildFile section */

/* Begin PBXFileReference section */
		E98D5CE72941E35700C99C97 /* CoreDataToDo.app */ = {isa = PBXFileReference; explicitFileType = wrapper.application; includeInIndex = 0; path = CoreDataToDo.app; sourceTree = BUILT_PRODUCTS_DIR; };
		E98D5CEA2941E35700C99C97 /* AppDelegate.swift */ = {isa = PBXFileReference; lastKnownFileType = sourcecode.swift; path = AppDelegate.swift; sourceTree = "<group>"; };
		E98D5CEC2941E35700C99C97 /* SceneDelegate.swift */ = {isa = PBXFileReference; lastKnownFileType = sourcecode.swift; path = SceneDelegate.swift; sourceTree = "<group>"; };
		E98D5CEE2941E35700C99C97 /* ViewController.swift */ = {isa = PBXFileReference; lastKnownFileType = sourcecode.swift; path = ViewController.swift; sourceTree = "<group>"; };
		E98D5CF12941E35700C99C97 /* Base */ = {isa = PBXFileReference; lastKnownFileType = file.storyboard; name = Base; path = Base.lproj/Main.storyboard; sourceTree = "<group>"; };
		E98D5CF42941E35700C99C97 /* CoreDataToDo.xcdatamodel */ = {isa = PBXFileReference; lastKnownFileType = wrapper.xcdatamodel; path = CoreDataToDo.xcdatamodel; sourceTree = "<group>"; };
		E98D5CF62941E35800C99C97 /* Assets.xcassets */ = {isa = PBXFileReference; lastKnownFileType = folder.assetcatalog; path = Assets.xcassets; sourceTree = "<group>"; };
		E98D5CF92941E35800C99C97 /* Base */ = {isa = PBXFileReference; lastKnownFileType = file.storyboard; name = Base; path = Base.lproj/LaunchScreen.storyboard; sourceTree = "<group>"; };
		E98D5CFB2941E35800C99C97 /* Info.plist */ = {isa = PBXFileReference; lastKnownFileType = text.plist.xml; path = Info.plist; sourceTree = "<group>"; };
		E98D5D012941E42800C99C97 /* ToDoListItem+CoreDataClass.swift */ = {isa = PBXFileReference; lastKnownFileType = sourcecode.swift; path = "ToDoListItem+CoreDataClass.swift"; sourceTree = "<group>"; };
		E98D5D022941E42800C99C97 /* ToDoListItem+CoreDataProperties.swift */ = {isa = PBXFileReference; lastKnownFileType = sourcecode.swift; path = "ToDoListItem+CoreDataProperties.swift"; sourceTree = "<group>"; };
		E98D5D062941EB7000C99C97 /* Model.swift */ = {isa = PBXFileReference; lastKnownFileType = sourcecode.swift; path = Model.swift; sourceTree = "<group>"; };
		E98D5D082941F14700C99C97 /* SecVC.swift */ = {isa = PBXFileReference; lastKnownFileType = sourcecode.swift; path = SecVC.swift; sourceTree = "<group>"; };
		E98D5D0A2941F1C600C99C97 /* Cell.swift */ = {isa = PBXFileReference; lastKnownFileType = sourcecode.swift; path = Cell.swift; sourceTree = "<group>"; };
/* End PBXFileReference section */

/* Begin PBXFrameworksBuildPhase section */
		E98D5CE42941E35700C99C97 /* Frameworks */ = {
			isa = PBXFrameworksBuildPhase;
			buildActionMask = 2147483647;
			files = (
			);
			runOnlyForDeploymentPostprocessing = 0;
		};
/* End PBXFrameworksBuildPhase section */

/* Begin PBXGroup section */
		E98D5CDE2941E35700C99C97 = {
			isa = PBXGroup;
			children = (
				E98D5CE92941E35700C99C97 /* CoreDataToDo */,
				E98D5CE82941E35700C99C97 /* Products */,
			);
			sourceTree = "<group>";
		};
		E98D5CE82941E35700C99C97 /* Products */ = {
			isa = PBXGroup;
			children = (
				E98D5CE72941E35700C99C97 /* CoreDataToDo.app */,
			);
			name = Products;
			sourceTree = "<group>";
		};
		E98D5CE92941E35700C99C97 /* CoreDataToDo */ = {
			isa = PBXGroup;
			children = (
				E98D5D0C2941F25F00C99C97 /* UI */,
				E98D5CEC2941E35700C99C97 /* SceneDelegate.swift */,
				E98D5CEA2941E35700C99C97 /* AppDelegate.swift */,
				E98D5CF02941E35700C99C97 /* Main.storyboard */,
				E98D5CF62941E35800C99C97 /* Assets.xcassets */,
				E98D5CF82941E35800C99C97 /* LaunchScreen.storyboard */,
				E98D5CFB2941E35800C99C97 /* Info.plist */,
				E98D5CF32941E35700C99C97 /* CoreDataToDo.xcdatamodeld */,
				E98D5D052941E4C400C99C97 /* ToDoListItem */,
				E98D5D012941E42800C99C97 /* ToDoListItem+CoreDataClass.swift */,
				E98D5D022941E42800C99C97 /* ToDoListItem+CoreDataProperties.swift */,
				E98D5D062941EB7000C99C97 /* Model.swift */,
			);
			path = CoreDataToDo;
			sourceTree = "<group>";
		};
		E98D5D052941E4C400C99C97 /* ToDoListItem */ = {
			isa = PBXGroup;
			children = (
			);
			path = ToDoListItem;
			sourceTree = "<group>";
		};
		E98D5D0C2941F25F00C99C97 /* UI */ = {
			isa = PBXGroup;
			children = (
				E98D5CEE2941E35700C99C97 /* ViewController.swift */,
				E98D5D0A2941F1C600C99C97 /* Cell.swift */,
				E98D5D082941F14700C99C97 /* SecVC.swift */,
			);
			path = UI;
			sourceTree = "<group>";
		};
/* End PBXGroup section */

/* Begin PBXNativeTarget section */
		E98D5CE62941E35700C99C97 /* CoreDataToDo */ = {
			isa = PBXNativeTarget;
			buildConfigurationList = E98D5CFE2941E35800C99C97 /* Build configuration list for PBXNativeTarget "CoreDataToDo" */;
			buildPhases = (
				E98D5CE32941E35700C99C97 /* Sources */,
				E98D5CE42941E35700C99C97 /* Frameworks */,
				E98D5CE52941E35700C99C97 /* Resources */,
			);
			buildRules = (
			);
			dependencies = (
			);
			name = CoreDataToDo;
			productName = CoreDataToDo;
			productReference = E98D5CE72941E35700C99C97 /* CoreDataToDo.app */;
			productType = "com.apple.product-type.application";
		};
/* End PBXNativeTarget section */

/* Begin PBXProject section */
		E98D5CDF2941E35700C99C97 /* Project object */ = {
			isa = PBXProject;
			attributes = {
				BuildIndependentTargetsInParallel = 1;
				LastSwiftUpdateCheck = 1320;
				LastUpgradeCheck = 1320;
				TargetAttributes = {
					E98D5CE62941E35700C99C97 = {
						CreatedOnToolsVersion = 13.2.1;
					};
				};
			};
			buildConfigurationList = E98D5CE22941E35700C99C97 /* Build configuration list for PBXProject "CoreDataToDo" */;
			compatibilityVersion = "Xcode 13.0";
			developmentRegion = en;
			hasScannedForEncodings = 0;
			knownRegions = (
				en,
				Base,
			);
			mainGroup = E98D5CDE2941E35700C99C97;
			productRefGroup = E98D5CE82941E35700C99C97 /* Products */;
			projectDirPath = "";
			projectRoot = "";
			targets = (
				E98D5CE62941E35700C99C97 /* CoreDataToDo */,
			);
		};
/* End PBXProject section */

/* Begin PBXResourcesBuildPhase section */
		E98D5CE52941E35700C99C97 /* Resources */ = {
			isa = PBXResourcesBuildPhase;
			buildActionMask = 2147483647;
			files = (
				E98D5CFA2941E35800C99C97 /* LaunchScreen.storyboard in Resources */,
				E98D5CF72941E35800C99C97 /* Assets.xcassets in Resources */,
				E98D5CF22941E35700C99C97 /* Main.storyboard in Resources */,
			);
			runOnlyForDeploymentPostprocessing = 0;
		};
/* End PBXResourcesBuildPhase section */

/* Begin PBXSourcesBuildPhase section */
		E98D5CE32941E35700C99C97 /* Sources */ = {
			isa = PBXSourcesBuildPhase;
			buildActionMask = 2147483647;
			files = (
				E98D5D072941EB7000C99C97 /* Model.swift in Sources */,
				E98D5CEF2941E35700C99C97 /* ViewController.swift in Sources */,
				E98D5D092941F14700C99C97 /* SecVC.swift in Sources */,
				E98D5CEB2941E35700C99C97 /* AppDelegate.swift in Sources */,
				E98D5CF52941E35700C99C97 /* CoreDataToDo.xcdatamodeld in Sources */,
				E98D5D0B2941F1C600C99C97 /* Cell.swift in Sources */,
				E98D5D032941E42800C99C97 /* ToDoListItem+CoreDataClass.swift in Sources */,
				E98D5D042941E42800C99C97 /* ToDoListItem+CoreDataProperties.swift in Sources */,
				E98D5CED2941E35700C99C97 /* SceneDelegate.swift in Sources */,
			);
			runOnlyForDeploymentPostprocessing = 0;
		};
/* End PBXSourcesBuildPhase section */

/* Begin PBXVariantGroup section */
		E98D5CF02941E35700C99C97 /* Main.storyboard */ = {
			isa = PBXVariantGroup;
			children = (
				E98D5CF12941E35700C99C97 /* Base */,
			);
			name = Main.storyboard;
			sourceTree = "<group>";
		};
		E98D5CF82941E35800C99C97 /* LaunchScreen.storyboard */ = {
			isa = PBXVariantGroup;
			children = (
				E98D5CF92941E35800C99C97 /* Base */,
			);
			name = LaunchScreen.storyboard;
			sourceTree = "<group>";
		};
/* End PBXVariantGroup section */

/* Begin XCBuildConfiguration section */
		E98D5CFC2941E35800C99C97 /* Debug */ = {
			isa = XCBuildConfiguration;
			buildSettings = {
				ALWAYS_SEARCH_USER_PATHS = NO;
				CLANG_ANALYZER_NONNULL = YES;
				CLANG_ANALYZER_NUMBER_OBJECT_CONVERSION = YES_AGGRESSIVE;
				CLANG_CXX_LANGUAGE_STANDARD = "gnu++17";
				CLANG_CXX_LIBRARY = "libc++";
				CLANG_ENABLE_MODULES = YES;
				CLANG_ENABLE_OBJC_ARC = YES;
				CLANG_ENABLE_OBJC_WEAK = YES;
				CLANG_WARN_BLOCK_CAPTURE_AUTORELEASING = YES;
				CLANG_WARN_BOOL_CONVERSION = YES;
				CLANG_WARN_COMMA = YES;
				CLANG_WARN_CONSTANT_CONVERSION = YES;
				CLANG_WARN_DEPRECATED_OBJC_IMPLEMENTATIONS = YES;
				CLANG_WARN_DIRECT_OBJC_ISA_USAGE = YES_ERROR;
				CLANG_WARN_DOCUMENTATION_COMMENTS = YES;
				CLANG_WARN_EMPTY_BODY = YES;
				CLANG_WARN_ENUM_CONVERSION = YES;
				CLANG_WARN_INFINITE_RECURSION = YES;
				CLANG_WARN_INT_CONVERSION = YES;
				CLANG_WARN_NON_LITERAL_NULL_CONVERSION = YES;
				CLANG_WARN_OBJC_IMPLICIT_RETAIN_SELF = YES;
				CLANG_WARN_OBJC_LITERAL_CONVERSION = YES;
				CLANG_WARN_OBJC_ROOT_CLASS = YES_ERROR;
				CLANG_WARN_QUOTED_INCLUDE_IN_FRAMEWORK_HEADER = YES;
				CLANG_WARN_RANGE_LOOP_ANALYSIS = YES;
				CLANG_WARN_STRICT_PROTOTYPES = YES;
				CLANG_WARN_SUSPICIOUS_MOVE = YES;
				CLANG_WARN_UNGUARDED_AVAILABILITY = YES_AGGRESSIVE;
				CLANG_WARN_UNREACHABLE_CODE = YES;
				CLANG_WARN__DUPLICATE_METHOD_MATCH = YES;
				COPY_PHASE_STRIP = NO;
				DEBUG_INFORMATION_FORMAT = dwarf;
				ENABLE_STRICT_OBJC_MSGSEND = YES;
				ENABLE_TESTABILITY = YES;
				GCC_C_LANGUAGE_STANDARD = gnu11;
				GCC_DYNAMIC_NO_PIC = NO;
				GCC_NO_COMMON_BLOCKS = YES;
				GCC_OPTIMIZATION_LEVEL = 0;
				GCC_PREPROCESSOR_DEFINITIONS = (
					"DEBUG=1",
					"$(inherited)",
				);
				GCC_WARN_64_TO_32_BIT_CONVERSION = YES;
				GCC_WARN_ABOUT_RETURN_TYPE = YES_ERROR;
				GCC_WARN_UNDECLARED_SELECTOR = YES;
				GCC_WARN_UNINITIALIZED_AUTOS = YES_AGGRESSIVE;
				GCC_WARN_UNUSED_FUNCTION = YES;
				GCC_WARN_UNUSED_VARIABLE = YES;
				IPHONEOS_DEPLOYMENT_TARGET = 15.2;
				MTL_ENABLE_DEBUG_INFO = INCLUDE_SOURCE;
				MTL_FAST_MATH = YES;
				ONLY_ACTIVE_ARCH = YES;
				SDKROOT = iphoneos;
				SWIFT_ACTIVE_COMPILATION_CONDITIONS = DEBUG;
				SWIFT_OPTIMIZATION_LEVEL = "-Onone";
			};
			name = Debug;
		};
		E98D5CFD2941E35800C99C97 /* Release */ = {
			isa = XCBuildConfiguration;
			buildSettings = {
				ALWAYS_SEARCH_USER_PATHS = NO;
				CLANG_ANALYZER_NONNULL = YES;
				CLANG_ANALYZER_NUMBER_OBJECT_CONVERSION = YES_AGGRESSIVE;
				CLANG_CXX_LANGUAGE_STANDARD = "gnu++17";
				CLANG_CXX_LIBRARY = "libc++";
				CLANG_ENABLE_MODULES = YES;
				CLANG_ENABLE_OBJC_ARC = YES;
				CLANG_ENABLE_OBJC_WEAK = YES;
				CLANG_WARN_BLOCK_CAPTURE_AUTORELEASING = YES;
				CLANG_WARN_BOOL_CONVERSION = YES;
				CLANG_WARN_COMMA = YES;
				CLANG_WARN_CONSTANT_CONVERSION = YES;
				CLANG_WARN_DEPRECATED_OBJC_IMPLEMENTATIONS = YES;
				CLANG_WARN_DIRECT_OBJC_ISA_USAGE = YES_ERROR;
				CLANG_WARN_DOCUMENTATION_COMMENTS = YES;
				CLANG_WARN_EMPTY_BODY = YES;
				CLANG_WARN_ENUM_CONVERSION = YES;
				CLANG_WARN_INFINITE_RECURSION = YES;
				CLANG_WARN_INT_CONVERSION = YES;
				CLANG_WARN_NON_LITERAL_NULL_CONVERSION = YES;
				CLANG_WARN_OBJC_IMPLICIT_RETAIN_SELF = YES;
				CLANG_WARN_OBJC_LITERAL_CONVERSION = YES;
				CLANG_WARN_OBJC_ROOT_CLASS = YES_ERROR;
				CLANG_WARN_QUOTED_INCLUDE_IN_FRAMEWORK_HEADER = YES;
				CLANG_WARN_RANGE_LOOP_ANALYSIS = YES;
				CLANG_WARN_STRICT_PROTOTYPES = YES;
				CLANG_WARN_SUSPICIOUS_MOVE = YES;
				CLANG_WARN_UNGUARDED_AVAILABILITY = YES_AGGRESSIVE;
				CLANG_WARN_UNREACHABLE_CODE = YES;
				CLANG_WARN__DUPLICATE_METHOD_MATCH = YES;
				COPY_PHASE_STRIP = NO;
				DEBUG_INFORMATION_FORMAT = "dwarf-with-dsym";
				ENABLE_NS_ASSERTIONS = NO;
				ENABLE_STRICT_OBJC_MSGSEND = YES;
				GCC_C_LANGUAGE_STANDARD = gnu11;
				GCC_NO_COMMON_BLOCKS = YES;
				GCC_WARN_64_TO_32_BIT_CONVERSION = YES;
				GCC_WARN_ABOUT_RETURN_TYPE = YES_ERROR;
				GCC_WARN_UNDECLARED_SELECTOR = YES;
				GCC_WARN_UNINITIALIZED_AUTOS = YES_AGGRESSIVE;
				GCC_WARN_UNUSED_FUNCTION = YES;
				GCC_WARN_UNUSED_VARIABLE = YES;
				IPHONEOS_DEPLOYMENT_TARGET = 15.2;
				MTL_ENABLE_DEBUG_INFO = NO;
				MTL_FAST_MATH = YES;
				SDKROOT = iphoneos;
				SWIFT_COMPILATION_MODE = wholemodule;
				SWIFT_OPTIMIZATION_LEVEL = "-O";
				VALIDATE_PRODUCT = YES;
			};
			name = Release;
		};
		E98D5CFF2941E35800C99C97 /* Debug */ = {
			isa = XCBuildConfiguration;
			buildSettings = {
				ASSETCATALOG_COMPILER_APPICON_NAME = AppIcon;
				ASSETCATALOG_COMPILER_GLOBAL_ACCENT_COLOR_NAME = AccentColor;
				CODE_SIGN_STYLE = Automatic;
				CURRENT_PROJECT_VERSION = 1;
				GENERATE_INFOPLIST_FILE = YES;
				INFOPLIST_FILE = CoreDataToDo/Info.plist;
				INFOPLIST_KEY_UIApplicationSupportsIndirectInputEvents = YES;
				INFOPLIST_KEY_UILaunchStoryboardName = LaunchScreen;
				INFOPLIST_KEY_UIMainStoryboardFile = Main;
				INFOPLIST_KEY_UISupportedInterfaceOrientations_iPad = "UIInterfaceOrientationPortrait UIInterfaceOrientationPortraitUpsideDown UIInterfaceOrientationLandscapeLeft UIInterfaceOrientationLandscapeRight";
				INFOPLIST_KEY_UISupportedInterfaceOrientations_iPhone = "UIInterfaceOrientationPortrait UIInterfaceOrientationLandscapeLeft UIInterfaceOrientationLandscapeRight";
				LD_RUNPATH_SEARCH_PATHS = (
					"$(inherited)",
					"@executable_path/Frameworks",
				);
				MARKETING_VERSION = 1.0;
				PRODUCT_BUNDLE_IDENTIFIER = n.CoreDataToDo;
				PRODUCT_NAME = "$(TARGET_NAME)";
				SWIFT_EMIT_LOC_STRINGS = YES;
				SWIFT_VERSION = 5.0;
				TARGETED_DEVICE_FAMILY = "1,2";
			};
			name = Debug;
		};
		E98D5D002941E35800C99C97 /* Release */ = {
			isa = XCBuildConfiguration;
			buildSettings = {
				ASSETCATALOG_COMPILER_APPICON_NAME = AppIcon;
				ASSETCATALOG_COMPILER_GLOBAL_ACCENT_COLOR_NAME = AccentColor;
				CODE_SIGN_STYLE = Automatic;
				CURRENT_PROJECT_VERSION = 1;
				GENERATE_INFOPLIST_FILE = YES;
				INFOPLIST_FILE = CoreDataToDo/Info.plist;
				INFOPLIST_KEY_UIApplicationSupportsIndirectInputEvents = YES;
				INFOPLIST_KEY_UILaunchStoryboardName = LaunchScreen;
				INFOPLIST_KEY_UIMainStoryboardFile = Main;
				INFOPLIST_KEY_UISupportedInterfaceOrientations_iPad = "UIInterfaceOrientationPortrait UIInterfaceOrientationPortraitUpsideDown UIInterfaceOrientationLandscapeLeft UIInterfaceOrientationLandscapeRight";
				INFOPLIST_KEY_UISupportedInterfaceOrientations_iPhone = "UIInterfaceOrientationPortrait UIInterfaceOrientationLandscapeLeft UIInterfaceOrientationLandscapeRight";
				LD_RUNPATH_SEARCH_PATHS = (
					"$(inherited)",
					"@executable_path/Frameworks",
				);
				MARKETING_VERSION = 1.0;
				PRODUCT_BUNDLE_IDENTIFIER = n.CoreDataToDo;
				PRODUCT_NAME = "$(TARGET_NAME)";
				SWIFT_EMIT_LOC_STRINGS = YES;
				SWIFT_VERSION = 5.0;
				TARGETED_DEVICE_FAMILY = "1,2";
			};
			name = Release;
		};
/* End XCBuildConfiguration section */

/* Begin XCConfigurationList section */
		E98D5CE22941E35700C99C97 /* Build configuration list for PBXProject "CoreDataToDo" */ = {
			isa = XCConfigurationList;
			buildConfigurations = (
				E98D5CFC2941E35800C99C97 /* Debug */,
				E98D5CFD2941E35800C99C97 /* Release */,
			);
			defaultConfigurationIsVisible = 0;
			defaultConfigurationName = Release;
		};
		E98D5CFE2941E35800C99C97 /* Build configuration list for PBXNativeTarget "CoreDataToDo" */ = {
			isa = XCConfigurationList;
			buildConfigurations = (
				E98D5CFF2941E35800C99C97 /* Debug */,
				E98D5D002941E35800C99C97 /* Release */,
			);
			defaultConfigurationIsVisible = 0;
			defaultConfigurationName = Release;
		};
/* End XCConfigurationList section */

/* Begin XCVersionGroup section */
		E98D5CF32941E35700C99C97 /* CoreDataToDo.xcdatamodeld */ = {
			isa = XCVersionGroup;
			children = (
				E98D5CF42941E35700C99C97 /* CoreDataToDo.xcdatamodel */,
			);
			currentVersion = E98D5CF42941E35700C99C97 /* CoreDataToDo.xcdatamodel */;
			path = CoreDataToDo.xcdatamodeld;
			sourceTree = "<group>";
			versionGroupType = wrapper.xcdatamodel;
		};
/* End XCVersionGroup section */
	};
	rootObject = E98D5CDF2941E35700C99C97 /* Project object */;
}
